// !$*UTF8*$!
{
	archiveVersion = 1;
	classes = {
	};
	objectVersion = 50;
	objects = {

/* Begin PBXBuildFile section */
		387B7BA1220EB9A200B4363C /* ProductDetailsViewController.m in Sources */ = {isa = PBXBuildFile; fileRef = 387B7BA0220EB9A200B4363C /* ProductDetailsViewController.m */; };
		387B7BA3220EBDC100B4363C /* WebKit.framework in Frameworks */ = {isa = PBXBuildFile; fileRef = 387B7BA2220EBDC100B4363C /* WebKit.framework */; };
		3887D164220E9EB80004CF2F /* AppDelegate.m in Sources */ = {isa = PBXBuildFile; fileRef = 3887D163220E9EB80004CF2F /* AppDelegate.m */; };
		3887D167220E9EB80004CF2F /* ViewController.m in Sources */ = {isa = PBXBuildFile; fileRef = 3887D166220E9EB80004CF2F /* ViewController.m */; };
		3887D16A220E9EB80004CF2F /* Main.storyboard in Resources */ = {isa = PBXBuildFile; fileRef = 3887D168220E9EB80004CF2F /* Main.storyboard */; };
		3887D16C220E9EBA0004CF2F /* Assets.xcassets in Resources */ = {isa = PBXBuildFile; fileRef = 3887D16B220E9EBA0004CF2F /* Assets.xcassets */; };
		3887D16F220E9EBB0004CF2F /* LaunchScreen.storyboard in Resources */ = {isa = PBXBuildFile; fileRef = 3887D16D220E9EBB0004CF2F /* LaunchScreen.storyboard */; };
		3887D172220E9EBB0004CF2F /* main.m in Sources */ = {isa = PBXBuildFile; fileRef = 3887D171220E9EBB0004CF2F /* main.m */; };
		3887D17C220E9EBB0004CF2F /* Product_CatalogueTests.m in Sources */ = {isa = PBXBuildFile; fileRef = 3887D17B220E9EBB0004CF2F /* Product_CatalogueTests.m */; };
		3887D187220E9EBB0004CF2F /* Product_CatalogueUITests.m in Sources */ = {isa = PBXBuildFile; fileRef = 3887D186220E9EBB0004CF2F /* Product_CatalogueUITests.m */; };
		3887D198220E9F930004CF2F /* Response.json in Resources */ = {isa = PBXBuildFile; fileRef = 3887D197220E9F930004CF2F /* Response.json */; };
		3887D19C220EA16D0004CF2F /* ProductModel.m in Sources */ = {isa = PBXBuildFile; fileRef = 3887D19B220EA16D0004CF2F /* ProductModel.m */; };
		3887D1A2220EA6820004CF2F /* ProductTableViewCell.m in Sources */ = {isa = PBXBuildFile; fileRef = 3887D1A0220EA6820004CF2F /* ProductTableViewCell.m */; };
		3887D1A3220EA6820004CF2F /* ProductTableViewCell.xib in Resources */ = {isa = PBXBuildFile; fileRef = 3887D1A1220EA6820004CF2F /* ProductTableViewCell.xib */; };
		5CCA15B4828AF52FAFAE58B7 /* libPods-Product Catalogue.a in Frameworks */ = {isa = PBXBuildFile; fileRef = D7CC5D51FB7F0C907A202A26 /* libPods-Product Catalogue.a */; };
		6C6C49B6FF63A272CFFCB617 /* libPods-Product CatalogueTests.a in Frameworks */ = {isa = PBXBuildFile; fileRef = BAEE984F8D7DD6CD60F07F31 /* libPods-Product CatalogueTests.a */; };
		DAD2B4D02275ED8AE6889E78 /* libPods-Product CatalogueUITests.a in Frameworks */ = {isa = PBXBuildFile; fileRef = FA2EEC41F2AF5A4424AA8F9F /* libPods-Product CatalogueUITests.a */; };
/* End PBXBuildFile section */

/* Begin PBXContainerItemProxy section */
		3887D178220E9EBB0004CF2F /* PBXContainerItemProxy */ = {
			isa = PBXContainerItemProxy;
			containerPortal = 3887D157220E9EB80004CF2F /* Project object */;
			proxyType = 1;
			remoteGlobalIDString = 3887D15E220E9EB80004CF2F;
			remoteInfo = "Product Catalogue";
		};
		3887D183220E9EBB0004CF2F /* PBXContainerItemProxy */ = {
			isa = PBXContainerItemProxy;
			containerPortal = 3887D157220E9EB80004CF2F /* Project object */;
			proxyType = 1;
			remoteGlobalIDString = 3887D15E220E9EB80004CF2F;
			remoteInfo = "Product Catalogue";
		};
/* End PBXContainerItemProxy section */

/* Begin PBXFileReference section */
		387B7B9F220EB9A200B4363C /* ProductDetailsViewController.h */ = {isa = PBXFileReference; lastKnownFileType = sourcecode.c.h; path = ProductDetailsViewController.h; sourceTree = "<group>"; };
		387B7BA0220EB9A200B4363C /* ProductDetailsViewController.m */ = {isa = PBXFileReference; lastKnownFileType = sourcecode.c.objc; path = ProductDetailsViewController.m; sourceTree = "<group>"; };
		387B7BA2220EBDC100B4363C /* WebKit.framework */ = {isa = PBXFileReference; lastKnownFileType = wrapper.framework; name = WebKit.framework; path = System/Library/Frameworks/WebKit.framework; sourceTree = SDKROOT; };
		3887D15F220E9EB80004CF2F /* Product Catalogue.app */ = {isa = PBXFileReference; explicitFileType = wrapper.application; includeInIndex = 0; path = "Product Catalogue.app"; sourceTree = BUILT_PRODUCTS_DIR; };
		3887D162220E9EB80004CF2F /* AppDelegate.h */ = {isa = PBXFileReference; lastKnownFileType = sourcecode.c.h; path = AppDelegate.h; sourceTree = "<group>"; };
		3887D163220E9EB80004CF2F /* AppDelegate.m */ = {isa = PBXFileReference; lastKnownFileType = sourcecode.c.objc; path = AppDelegate.m; sourceTree = "<group>"; };
		3887D165220E9EB80004CF2F /* ViewController.h */ = {isa = PBXFileReference; lastKnownFileType = sourcecode.c.h; path = ViewController.h; sourceTree = "<group>"; };
		3887D166220E9EB80004CF2F /* ViewController.m */ = {isa = PBXFileReference; lastKnownFileType = sourcecode.c.objc; path = ViewController.m; sourceTree = "<group>"; };
		3887D169220E9EB80004CF2F /* Base */ = {isa = PBXFileReference; lastKnownFileType = file.storyboard; name = Base; path = Base.lproj/Main.storyboard; sourceTree = "<group>"; };
		3887D16B220E9EBA0004CF2F /* Assets.xcassets */ = {isa = PBXFileReference; lastKnownFileType = folder.assetcatalog; path = Assets.xcassets; sourceTree = "<group>"; };
		3887D16E220E9EBB0004CF2F /* Base */ = {isa = PBXFileReference; lastKnownFileType = file.storyboard; name = Base; path = Base.lproj/LaunchScreen.storyboard; sourceTree = "<group>"; };
		3887D170220E9EBB0004CF2F /* Info.plist */ = {isa = PBXFileReference; lastKnownFileType = text.plist.xml; path = Info.plist; sourceTree = "<group>"; };
		3887D171220E9EBB0004CF2F /* main.m */ = {isa = PBXFileReference; lastKnownFileType = sourcecode.c.objc; path = main.m; sourceTree = "<group>"; };
		3887D177220E9EBB0004CF2F /* Product CatalogueTests.xctest */ = {isa = PBXFileReference; explicitFileType = wrapper.cfbundle; includeInIndex = 0; path = "Product CatalogueTests.xctest"; sourceTree = BUILT_PRODUCTS_DIR; };
		3887D17B220E9EBB0004CF2F /* Product_CatalogueTests.m */ = {isa = PBXFileReference; lastKnownFileType = sourcecode.c.objc; path = Product_CatalogueTests.m; sourceTree = "<group>"; };
		3887D17D220E9EBB0004CF2F /* Info.plist */ = {isa = PBXFileReference; lastKnownFileType = text.plist.xml; path = Info.plist; sourceTree = "<group>"; };
		3887D182220E9EBB0004CF2F /* Product CatalogueUITests.xctest */ = {isa = PBXFileReference; explicitFileType = wrapper.cfbundle; includeInIndex = 0; path = "Product CatalogueUITests.xctest"; sourceTree = BUILT_PRODUCTS_DIR; };
		3887D186220E9EBB0004CF2F /* Product_CatalogueUITests.m */ = {isa = PBXFileReference; lastKnownFileType = sourcecode.c.objc; path = Product_CatalogueUITests.m; sourceTree = "<group>"; };
		3887D188220E9EBB0004CF2F /* Info.plist */ = {isa = PBXFileReference; lastKnownFileType = text.plist.xml; path = Info.plist; sourceTree = "<group>"; };
		3887D197220E9F930004CF2F /* Response.json */ = {isa = PBXFileReference; lastKnownFileType = text.json; path = Response.json; sourceTree = "<group>"; };
		3887D19A220EA16D0004CF2F /* ProductModel.h */ = {isa = PBXFileReference; lastKnownFileType = sourcecode.c.h; path = ProductModel.h; sourceTree = "<group>"; };
		3887D19B220EA16D0004CF2F /* ProductModel.m */ = {isa = PBXFileReference; lastKnownFileType = sourcecode.c.objc; path = ProductModel.m; sourceTree = "<group>"; };
		3887D19F220EA6820004CF2F /* ProductTableViewCell.h */ = {isa = PBXFileReference; lastKnownFileType = sourcecode.c.h; path = ProductTableViewCell.h; sourceTree = "<group>"; };
		3887D1A0220EA6820004CF2F /* ProductTableViewCell.m */ = {isa = PBXFileReference; lastKnownFileType = sourcecode.c.objc; path = ProductTableViewCell.m; sourceTree = "<group>"; };
		3887D1A1220EA6820004CF2F /* ProductTableViewCell.xib */ = {isa = PBXFileReference; lastKnownFileType = file.xib; path = ProductTableViewCell.xib; sourceTree = "<group>"; };
		AF1178889AA854B654556E91 /* Pods-Product CatalogueTests.release.xcconfig */ = {isa = PBXFileReference; includeInIndex = 1; lastKnownFileType = text.xcconfig; name = "Pods-Product CatalogueTests.release.xcconfig"; path = "Pods/Target Support Files/Pods-Product CatalogueTests/Pods-Product CatalogueTests.release.xcconfig"; sourceTree = "<group>"; };
		B5C0327AB189FBD1B6AC793B /* Pods-Product Catalogue.debug.xcconfig */ = {isa = PBXFileReference; includeInIndex = 1; lastKnownFileType = text.xcconfig; name = "Pods-Product Catalogue.debug.xcconfig"; path = "Pods/Target Support Files/Pods-Product Catalogue/Pods-Product Catalogue.debug.xcconfig"; sourceTree = "<group>"; };
		BAEE984F8D7DD6CD60F07F31 /* libPods-Product CatalogueTests.a */ = {isa = PBXFileReference; explicitFileType = archive.ar; includeInIndex = 0; path = "libPods-Product CatalogueTests.a"; sourceTree = BUILT_PRODUCTS_DIR; };
		C1CED0A16B0654BFC5A08B39 /* Pods-Product CatalogueUITests.debug.xcconfig */ = {isa = PBXFileReference; includeInIndex = 1; lastKnownFileType = text.xcconfig; name = "Pods-Product CatalogueUITests.debug.xcconfig"; path = "Pods/Target Support Files/Pods-Product CatalogueUITests/Pods-Product CatalogueUITests.debug.xcconfig"; sourceTree = "<group>"; };
		C22585DB77511F8AA2F69964 /* Pods-Product CatalogueUITests.release.xcconfig */ = {isa = PBXFileReference; includeInIndex = 1; lastKnownFileType = text.xcconfig; name = "Pods-Product CatalogueUITests.release.xcconfig"; path = "Pods/Target Support Files/Pods-Product CatalogueUITests/Pods-Product CatalogueUITests.release.xcconfig"; sourceTree = "<group>"; };
		CBE4CF551506C9E8F79C737F /* Pods-Product CatalogueTests.debug.xcconfig */ = {isa = PBXFileReference; includeInIndex = 1; lastKnownFileType = text.xcconfig; name = "Pods-Product CatalogueTests.debug.xcconfig"; path = "Pods/Target Support Files/Pods-Product CatalogueTests/Pods-Product CatalogueTests.debug.xcconfig"; sourceTree = "<group>"; };
		D7CC5D51FB7F0C907A202A26 /* libPods-Product Catalogue.a */ = {isa = PBXFileReference; explicitFileType = archive.ar; includeInIndex = 0; path = "libPods-Product Catalogue.a"; sourceTree = BUILT_PRODUCTS_DIR; };
		FA2EEC41F2AF5A4424AA8F9F /* libPods-Product CatalogueUITests.a */ = {isa = PBXFileReference; explicitFileType = archive.ar; includeInIndex = 0; path = "libPods-Product CatalogueUITests.a"; sourceTree = BUILT_PRODUCTS_DIR; };
		FEEDB37161C4D37354F161D0 /* Pods-Product Catalogue.release.xcconfig */ = {isa = PBXFileReference; includeInIndex = 1; lastKnownFileType = text.xcconfig; name = "Pods-Product Catalogue.release.xcconfig"; path = "Pods/Target Support Files/Pods-Product Catalogue/Pods-Product Catalogue.release.xcconfig"; sourceTree = "<group>"; };
/* End PBXFileReference section */

/* Begin PBXFrameworksBuildPhase section */
		3887D15C220E9EB80004CF2F /* Frameworks */ = {
			isa = PBXFrameworksBuildPhase;
			buildActionMask = 2147483647;
			files = (
				387B7BA3220EBDC100B4363C /* WebKit.framework in Frameworks */,
				5CCA15B4828AF52FAFAE58B7 /* libPods-Product Catalogue.a in Frameworks */,
			);
			runOnlyForDeploymentPostprocessing = 0;
		};
		3887D174220E9EBB0004CF2F /* Frameworks */ = {
			isa = PBXFrameworksBuildPhase;
			buildActionMask = 2147483647;
			files = (
				6C6C49B6FF63A272CFFCB617 /* libPods-Product CatalogueTests.a in Frameworks */,
			);
			runOnlyForDeploymentPostprocessing = 0;
		};
		3887D17F220E9EBB0004CF2F /* Frameworks */ = {
			isa = PBXFrameworksBuildPhase;
			buildActionMask = 2147483647;
			files = (
				DAD2B4D02275ED8AE6889E78 /* libPods-Product CatalogueUITests.a in Frameworks */,
			);
			runOnlyForDeploymentPostprocessing = 0;
		};
/* End PBXFrameworksBuildPhase section */

/* Begin PBXGroup section */
		387B7B9E220EB97900B4363C /* Product Details View Controller */ = {
			isa = PBXGroup;
			children = (
				387B7B9F220EB9A200B4363C /* ProductDetailsViewController.h */,
				387B7BA0220EB9A200B4363C /* ProductDetailsViewController.m */,
			);
			path = "Product Details View Controller";
			sourceTree = "<group>";
		};
		3887D156220E9EB80004CF2F = {
			isa = PBXGroup;
			children = (
				3887D161220E9EB80004CF2F /* Product Catalogue */,
				3887D17A220E9EBB0004CF2F /* Product CatalogueTests */,
				3887D185220E9EBB0004CF2F /* Product CatalogueUITests */,
				3887D160220E9EB80004CF2F /* Products */,
				98EE4085D925C32F0779A8B7 /* Pods */,
				D1317C5D1E681D87059D0B35 /* Frameworks */,
			);
			sourceTree = "<group>";
		};
		3887D160220E9EB80004CF2F /* Products */ = {
			isa = PBXGroup;
			children = (
				3887D15F220E9EB80004CF2F /* Product Catalogue.app */,
				3887D177220E9EBB0004CF2F /* Product CatalogueTests.xctest */,
				3887D182220E9EBB0004CF2F /* Product CatalogueUITests.xctest */,
			);
			name = Products;
			sourceTree = "<group>";
		};
		3887D161220E9EB80004CF2F /* Product Catalogue */ = {
			isa = PBXGroup;
			children = (
				3887D196220E9F500004CF2F /* Json File */,
				3887D194220E9ED80004CF2F /* App Delegate */,
				3887D195220E9EE40004CF2F /* Main View Controller */,
				3887D168220E9EB80004CF2F /* Main.storyboard */,
				3887D16B220E9EBA0004CF2F /* Assets.xcassets */,
				3887D16D220E9EBB0004CF2F /* LaunchScreen.storyboard */,
				3887D170220E9EBB0004CF2F /* Info.plist */,
				3887D171220E9EBB0004CF2F /* main.m */,
			);
			path = "Product Catalogue";
			sourceTree = "<group>";
		};
		3887D17A220E9EBB0004CF2F /* Product CatalogueTests */ = {
			isa = PBXGroup;
			children = (
				3887D17B220E9EBB0004CF2F /* Product_CatalogueTests.m */,
				3887D17D220E9EBB0004CF2F /* Info.plist */,
			);
			path = "Product CatalogueTests";
			sourceTree = "<group>";
		};
		3887D185220E9EBB0004CF2F /* Product CatalogueUITests */ = {
			isa = PBXGroup;
			children = (
				3887D186220E9EBB0004CF2F /* Product_CatalogueUITests.m */,
				3887D188220E9EBB0004CF2F /* Info.plist */,
			);
			path = "Product CatalogueUITests";
			sourceTree = "<group>";
		};
		3887D194220E9ED80004CF2F /* App Delegate */ = {
			isa = PBXGroup;
			children = (
				3887D162220E9EB80004CF2F /* AppDelegate.h */,
				3887D163220E9EB80004CF2F /* AppDelegate.m */,
			);
			path = "App Delegate";
			sourceTree = "<group>";
		};
		3887D195220E9EE40004CF2F /* Main View Controller */ = {
			isa = PBXGroup;
			children = (
				3887D165220E9EB80004CF2F /* ViewController.h */,
				3887D166220E9EB80004CF2F /* ViewController.m */,
				387B7B9E220EB97900B4363C /* Product Details View Controller */,
				3887D19E220EA6500004CF2F /* Product Table Cell */,
				3887D199220EA1460004CF2F /* Product Model */,
			);
			path = "Main View Controller";
			sourceTree = "<group>";
		};
		3887D196220E9F500004CF2F /* Json File */ = {
			isa = PBXGroup;
			children = (
				3887D197220E9F930004CF2F /* Response.json */,
			);
			path = "Json File";
			sourceTree = "<group>";
		};
		3887D199220EA1460004CF2F /* Product Model */ = {
			isa = PBXGroup;
			children = (
				3887D19A220EA16D0004CF2F /* ProductModel.h */,
				3887D19B220EA16D0004CF2F /* ProductModel.m */,
			);
			path = "Product Model";
			sourceTree = "<group>";
		};
		3887D19E220EA6500004CF2F /* Product Table Cell */ = {
			isa = PBXGroup;
			children = (
				3887D19F220EA6820004CF2F /* ProductTableViewCell.h */,
				3887D1A0220EA6820004CF2F /* ProductTableViewCell.m */,
				3887D1A1220EA6820004CF2F /* ProductTableViewCell.xib */,
			);
			path = "Product Table Cell";
			sourceTree = "<group>";
		};
		98EE4085D925C32F0779A8B7 /* Pods */ = {
			isa = PBXGroup;
			children = (
				B5C0327AB189FBD1B6AC793B /* Pods-Product Catalogue.debug.xcconfig */,
				FEEDB37161C4D37354F161D0 /* Pods-Product Catalogue.release.xcconfig */,
				CBE4CF551506C9E8F79C737F /* Pods-Product CatalogueTests.debug.xcconfig */,
				AF1178889AA854B654556E91 /* Pods-Product CatalogueTests.release.xcconfig */,
				C1CED0A16B0654BFC5A08B39 /* Pods-Product CatalogueUITests.debug.xcconfig */,
				C22585DB77511F8AA2F69964 /* Pods-Product CatalogueUITests.release.xcconfig */,
			);
			name = Pods;
			sourceTree = "<group>";
		};
		D1317C5D1E681D87059D0B35 /* Frameworks */ = {
			isa = PBXGroup;
			children = (
				387B7BA2220EBDC100B4363C /* WebKit.framework */,
				D7CC5D51FB7F0C907A202A26 /* libPods-Product Catalogue.a */,
				BAEE984F8D7DD6CD60F07F31 /* libPods-Product CatalogueTests.a */,
				FA2EEC41F2AF5A4424AA8F9F /* libPods-Product CatalogueUITests.a */,
			);
			name = Frameworks;
			sourceTree = "<group>";
		};
/* End PBXGroup section */

/* Begin PBXNativeTarget section */
		3887D15E220E9EB80004CF2F /* Product Catalogue */ = {
			isa = PBXNativeTarget;
			buildConfigurationList = 3887D18B220E9EBB0004CF2F /* Build configuration list for PBXNativeTarget "Product Catalogue" */;
			buildPhases = (
				E683EDEAED7B8D980C5D4D2A /* [CP] Check Pods Manifest.lock */,
				3887D15B220E9EB80004CF2F /* Sources */,
				3887D15C220E9EB80004CF2F /* Frameworks */,
				3887D15D220E9EB80004CF2F /* Resources */,
			);
			buildRules = (
			);
			dependencies = (
			);
			name = "Product Catalogue";
			productName = "Product Catalogue";
			productReference = 3887D15F220E9EB80004CF2F /* Product Catalogue.app */;
			productType = "com.apple.product-type.application";
		};
		3887D176220E9EBB0004CF2F /* Product CatalogueTests */ = {
			isa = PBXNativeTarget;
			buildConfigurationList = 3887D18E220E9EBB0004CF2F /* Build configuration list for PBXNativeTarget "Product CatalogueTests" */;
			buildPhases = (
				A0161342941EFCFE8BD26DDF /* [CP] Check Pods Manifest.lock */,
				3887D173220E9EBB0004CF2F /* Sources */,
				3887D174220E9EBB0004CF2F /* Frameworks */,
				3887D175220E9EBB0004CF2F /* Resources */,
			);
			buildRules = (
			);
			dependencies = (
				3887D179220E9EBB0004CF2F /* PBXTargetDependency */,
			);
			name = "Product CatalogueTests";
			productName = "Product CatalogueTests";
			productReference = 3887D177220E9EBB0004CF2F /* Product CatalogueTests.xctest */;
			productType = "com.apple.product-type.bundle.unit-test";
		};
		3887D181220E9EBB0004CF2F /* Product CatalogueUITests */ = {
			isa = PBXNativeTarget;
			buildConfigurationList = 3887D191220E9EBB0004CF2F /* Build configuration list for PBXNativeTarget "Product CatalogueUITests" */;
			buildPhases = (
				598D6E2FE662B369D63ED86B /* [CP] Check Pods Manifest.lock */,
				3887D17E220E9EBB0004CF2F /* Sources */,
				3887D17F220E9EBB0004CF2F /* Frameworks */,
				3887D180220E9EBB0004CF2F /* Resources */,
			);
			buildRules = (
			);
			dependencies = (
				3887D184220E9EBB0004CF2F /* PBXTargetDependency */,
			);
			name = "Product CatalogueUITests";
			productName = "Product CatalogueUITests";
			productReference = 3887D182220E9EBB0004CF2F /* Product CatalogueUITests.xctest */;
			productType = "com.apple.product-type.bundle.ui-testing";
		};
/* End PBXNativeTarget section */

/* Begin PBXProject section */
		3887D157220E9EB80004CF2F /* Project object */ = {
			isa = PBXProject;
			attributes = {
				LastUpgradeCheck = 1010;
				ORGANIZATIONNAME = "Inspire One";
				TargetAttributes = {
					3887D15E220E9EB80004CF2F = {
						CreatedOnToolsVersion = 10.1;
					};
					3887D176220E9EBB0004CF2F = {
						CreatedOnToolsVersion = 10.1;
						TestTargetID = 3887D15E220E9EB80004CF2F;
					};
					3887D181220E9EBB0004CF2F = {
						CreatedOnToolsVersion = 10.1;
						TestTargetID = 3887D15E220E9EB80004CF2F;
					};
				};
			};
			buildConfigurationList = 3887D15A220E9EB80004CF2F /* Build configuration list for PBXProject "Product Catalogue" */;
			compatibilityVersion = "Xcode 9.3";
			developmentRegion = en;
			hasScannedForEncodings = 0;
			knownRegions = (
				en,
				Base,
			);
			mainGroup = 3887D156220E9EB80004CF2F;
			productRefGroup = 3887D160220E9EB80004CF2F /* Products */;
			projectDirPath = "";
			projectRoot = "";
			targets = (
				3887D15E220E9EB80004CF2F /* Product Catalogue */,
				3887D176220E9EBB0004CF2F /* Product CatalogueTests */,
				3887D181220E9EBB0004CF2F /* Product CatalogueUITests */,
			);
		};
/* End PBXProject section */

/* Begin PBXResourcesBuildPhase section */
		3887D15D220E9EB80004CF2F /* Resources */ = {
			isa = PBXResourcesBuildPhase;
			buildActionMask = 2147483647;
			files = (
				3887D198220E9F930004CF2F /* Response.json in Resources */,
				3887D16F220E9EBB0004CF2F /* LaunchScreen.storyboard in Resources */,
				3887D1A3220EA6820004CF2F /* ProductTableViewCell.xib in Resources */,
				3887D16C220E9EBA0004CF2F /* Assets.xcassets in Resources */,
				3887D16A220E9EB80004CF2F /* Main.storyboard in Resources */,
			);
			runOnlyForDeploymentPostprocessing = 0;
		};
		3887D175220E9EBB0004CF2F /* Resources */ = {
			isa = PBXResourcesBuildPhase;
			buildActionMask = 2147483647;
			files = (
			);
			runOnlyForDeploymentPostprocessing = 0;
		};
		3887D180220E9EBB0004CF2F /* Resources */ = {
			isa = PBXResourcesBuildPhase;
			buildActionMask = 2147483647;
			files = (
			);
			runOnlyForDeploymentPostprocessing = 0;
		};
/* End PBXResourcesBuildPhase section */

/* Begin PBXShellScriptBuildPhase section */
		598D6E2FE662B369D63ED86B /* [CP] Check Pods Manifest.lock */ = {
			isa = PBXShellScriptBuildPhase;
			buildActionMask = 2147483647;
			files = (
			);
			inputPaths = (
				"${PODS_PODFILE_DIR_PATH}/Podfile.lock",
				"${PODS_ROOT}/Manifest.lock",
			);
			name = "[CP] Check Pods Manifest.lock";
			outputPaths = (
				"$(DERIVED_FILE_DIR)/Pods-Product CatalogueUITests-checkManifestLockResult.txt",
			);
			runOnlyForDeploymentPostprocessing = 0;
			shellPath = /bin/sh;
			shellScript = "diff \"${PODS_PODFILE_DIR_PATH}/Podfile.lock\" \"${PODS_ROOT}/Manifest.lock\" > /dev/null\nif [ $? != 0 ] ; then\n    # print error to STDERR\n    echo \"error: The sandbox is not in sync with the Podfile.lock. Run 'pod install' or update your CocoaPods installation.\" >&2\n    exit 1\nfi\n# This output is used by Xcode 'outputs' to avoid re-running this script phase.\necho \"SUCCESS\" > \"${SCRIPT_OUTPUT_FILE_0}\"\n";
			showEnvVarsInLog = 0;
		};
		A0161342941EFCFE8BD26DDF /* [CP] Check Pods Manifest.lock */ = {
			isa = PBXShellScriptBuildPhase;
			buildActionMask = 2147483647;
			files = (
			);
			inputPaths = (
				"${PODS_PODFILE_DIR_PATH}/Podfile.lock",
				"${PODS_ROOT}/Manifest.lock",
			);
			name = "[CP] Check Pods Manifest.lock";
			outputPaths = (
				"$(DERIVED_FILE_DIR)/Pods-Product CatalogueTests-checkManifestLockResult.txt",
			);
			runOnlyForDeploymentPostprocessing = 0;
			shellPath = /bin/sh;
			shellScript = "diff \"${PODS_PODFILE_DIR_PATH}/Podfile.lock\" \"${PODS_ROOT}/Manifest.lock\" > /dev/null\nif [ $? != 0 ] ; then\n    # print error to STDERR\n    echo \"error: The sandbox is not in sync with the Podfile.lock. Run 'pod install' or update your CocoaPods installation.\" >&2\n    exit 1\nfi\n# This output is used by Xcode 'outputs' to avoid re-running this script phase.\necho \"SUCCESS\" > \"${SCRIPT_OUTPUT_FILE_0}\"\n";
			showEnvVarsInLog = 0;
		};
		E683EDEAED7B8D980C5D4D2A /* [CP] Check Pods Manifest.lock */ = {
			isa = PBXShellScriptBuildPhase;
			buildActionMask = 2147483647;
			files = (
			);
			inputPaths = (
				"${PODS_PODFILE_DIR_PATH}/Podfile.lock",
				"${PODS_ROOT}/Manifest.lock",
			);
			name = "[CP] Check Pods Manifest.lock";
			outputPaths = (
				"$(DERIVED_FILE_DIR)/Pods-Product Catalogue-checkManifestLockResult.txt",
			);
			runOnlyForDeploymentPostprocessing = 0;
			shellPath = /bin/sh;
			shellScript = "diff \"${PODS_PODFILE_DIR_PATH}/Podfile.lock\" \"${PODS_ROOT}/Manifest.lock\" > /dev/null\nif [ $? != 0 ] ; then\n    # print error to STDERR\n    echo \"error: The sandbox is not in sync with the Podfile.lock. Run 'pod install' or update your CocoaPods installation.\" >&2\n    exit 1\nfi\n# This output is used by Xcode 'outputs' to avoid re-running this script phase.\necho \"SUCCESS\" > \"${SCRIPT_OUTPUT_FILE_0}\"\n";
			showEnvVarsInLog = 0;
		};
/* End PBXShellScriptBuildPhase section */

/* Begin PBXSourcesBuildPhase section */
		3887D15B220E9EB80004CF2F /* Sources */ = {
			isa = PBXSourcesBuildPhase;
			buildActionMask = 2147483647;
			files = (
				3887D167220E9EB80004CF2F /* ViewController.m in Sources */,
				3887D172220E9EBB0004CF2F /* main.m in Sources */,
				3887D164220E9EB80004CF2F /* AppDelegate.m in Sources */,
				387B7BA1220EB9A200B4363C /* ProductDetailsViewController.m in Sources */,
				3887D19C220EA16D0004CF2F /* ProductModel.m in Sources */,
				3887D1A2220EA6820004CF2F /* ProductTableViewCell.m in Sources */,
			);
			runOnlyForDeploymentPostprocessing = 0;
		};
		3887D173220E9EBB0004CF2F /* Sources */ = {
			isa = PBXSourcesBuildPhase;
			buildActionMask = 2147483647;
			files = (
				3887D17C220E9EBB0004CF2F /* Product_CatalogueTests.m in Sources */,
			);
			runOnlyForDeploymentPostprocessing = 0;
		};
		3887D17E220E9EBB0004CF2F /* Sources */ = {
			isa = PBXSourcesBuildPhase;
			buildActionMask = 2147483647;
			files = (
				3887D187220E9EBB0004CF2F /* Product_CatalogueUITests.m in Sources */,
			);
			runOnlyForDeploymentPostprocessing = 0;
		};
/* End PBXSourcesBuildPhase section */

/* Begin PBXTargetDependency section */
		3887D179220E9EBB0004CF2F /* PBXTargetDependency */ = {
			isa = PBXTargetDependency;
			target = 3887D15E220E9EB80004CF2F /* Product Catalogue */;
			targetProxy = 3887D178220E9EBB0004CF2F /* PBXContainerItemProxy */;
		};
		3887D184220E9EBB0004CF2F /* PBXTargetDependency */ = {
			isa = PBXTargetDependency;
			target = 3887D15E220E9EB80004CF2F /* Product Catalogue */;
			targetProxy = 3887D183220E9EBB0004CF2F /* PBXContainerItemProxy */;
		};
/* End PBXTargetDependency section */

/* Begin PBXVariantGroup section */
		3887D168220E9EB80004CF2F /* Main.storyboard */ = {
			isa = PBXVariantGroup;
			children = (
				3887D169220E9EB80004CF2F /* Base */,
			);
			name = Main.storyboard;
			sourceTree = "<group>";
		};
		3887D16D220E9EBB0004CF2F /* LaunchScreen.storyboard */ = {
			isa = PBXVariantGroup;
			children = (
				3887D16E220E9EBB0004CF2F /* Base */,
			);
			name = LaunchScreen.storyboard;
			sourceTree = "<group>";
		};
/* End PBXVariantGroup section */

/* Begin XCBuildConfiguration section */
		3887D189220E9EBB0004CF2F /* Debug */ = {
			isa = XCBuildConfiguration;
			buildSettings = {
				ALWAYS_SEARCH_USER_PATHS = NO;
				CLANG_ANALYZER_NONNULL = YES;
				CLANG_ANALYZER_NUMBER_OBJECT_CONVERSION = YES_AGGRESSIVE;
				CLANG_CXX_LANGUAGE_STANDARD = "gnu++14";
				CLANG_CXX_LIBRARY = "libc++";
				CLANG_ENABLE_MODULES = YES;
				CLANG_ENABLE_OBJC_ARC = YES;
				CLANG_ENABLE_OBJC_WEAK = YES;
				CLANG_WARN_BLOCK_CAPTURE_AUTORELEASING = YES;
				CLANG_WARN_BOOL_CONVERSION = YES;
				CLANG_WARN_COMMA = YES;
				CLANG_WARN_CONSTANT_CONVERSION = YES;
				CLANG_WARN_DEPRECATED_OBJC_IMPLEMENTATIONS = YES;
				CLANG_WARN_DIRECT_OBJC_ISA_USAGE = YES_ERROR;
				CLANG_WARN_DOCUMENTATION_COMMENTS = YES;
				CLANG_WARN_EMPTY_BODY = YES;
				CLANG_WARN_ENUM_CONVERSION = YES;
				CLANG_WARN_INFINITE_RECURSION = YES;
				CLANG_WARN_INT_CONVERSION = YES;
				CLANG_WARN_NON_LITERAL_NULL_CONVERSION = YES;
				CLANG_WARN_OBJC_IMPLICIT_RETAIN_SELF = YES;
				CLANG_WARN_OBJC_LITERAL_CONVERSION = YES;
				CLANG_WARN_OBJC_ROOT_CLASS = YES_ERROR;
				CLANG_WARN_RANGE_LOOP_ANALYSIS = YES;
				CLANG_WARN_STRICT_PROTOTYPES = YES;
				CLANG_WARN_SUSPICIOUS_MOVE = YES;
				CLANG_WARN_UNGUARDED_AVAILABILITY = YES_AGGRESSIVE;
				CLANG_WARN_UNREACHABLE_CODE = YES;
				CLANG_WARN__DUPLICATE_METHOD_MATCH = YES;
				CODE_SIGN_IDENTITY = "iPhone Developer";
				COPY_PHASE_STRIP = NO;
				DEBUG_INFORMATION_FORMAT = dwarf;
				ENABLE_STRICT_OBJC_MSGSEND = YES;
				ENABLE_TESTABILITY = YES;
				GCC_C_LANGUAGE_STANDARD = gnu11;
				GCC_DYNAMIC_NO_PIC = NO;
				GCC_NO_COMMON_BLOCKS = YES;
				GCC_OPTIMIZATION_LEVEL = 0;
				GCC_PREPROCESSOR_DEFINITIONS = (
					"DEBUG=1",
					"$(inherited)",
				);
				GCC_WARN_64_TO_32_BIT_CONVERSION = YES;
				GCC_WARN_ABOUT_RETURN_TYPE = YES_ERROR;
				GCC_WARN_UNDECLARED_SELECTOR = YES;
				GCC_WARN_UNINITIALIZED_AUTOS = YES_AGGRESSIVE;
				GCC_WARN_UNUSED_FUNCTION = YES;
				GCC_WARN_UNUSED_VARIABLE = YES;
				IPHONEOS_DEPLOYMENT_TARGET = 12.1;
				MTL_ENABLE_DEBUG_INFO = INCLUDE_SOURCE;
				MTL_FAST_MATH = YES;
				ONLY_ACTIVE_ARCH = YES;
				SDKROOT = iphoneos;
			};
			name = Debug;
		};
		3887D18A220E9EBB0004CF2F /* Release */ = {
			isa = XCBuildConfiguration;
			buildSettings = {
				ALWAYS_SEARCH_USER_PATHS = NO;
				CLANG_ANALYZER_NONNULL = YES;
				CLANG_ANALYZER_NUMBER_OBJECT_CONVERSION = YES_AGGRESSIVE;
				CLANG_CXX_LANGUAGE_STANDARD = "gnu++14";
				CLANG_CXX_LIBRARY = "libc++";
				CLANG_ENABLE_MODULES = YES;
				CLANG_ENABLE_OBJC_ARC = YES;
				CLANG_ENABLE_OBJC_WEAK = YES;
				CLANG_WARN_BLOCK_CAPTURE_AUTORELEASING = YES;
				CLANG_WARN_BOOL_CONVERSION = YES;
				CLANG_WARN_COMMA = YES;
				CLANG_WARN_CONSTANT_CONVERSION = YES;
				CLANG_WARN_DEPRECATED_OBJC_IMPLEMENTATIONS = YES;
				CLANG_WARN_DIRECT_OBJC_ISA_USAGE = YES_ERROR;
				CLANG_WARN_DOCUMENTATION_COMMENTS = YES;
				CLANG_WARN_EMPTY_BODY = YES;
				CLANG_WARN_ENUM_CONVERSION = YES;
				CLANG_WARN_INFINITE_RECURSION = YES;
				CLANG_WARN_INT_CONVERSION = YES;
				CLANG_WARN_NON_LITERAL_NULL_CONVERSION = YES;
				CLANG_WARN_OBJC_IMPLICIT_RETAIN_SELF = YES;
				CLANG_WARN_OBJC_LITERAL_CONVERSION = YES;
				CLANG_WARN_OBJC_ROOT_CLASS = YES_ERROR;
				CLANG_WARN_RANGE_LOOP_ANALYSIS = YES;
				CLANG_WARN_STRICT_PROTOTYPES = YES;
				CLANG_WARN_SUSPICIOUS_MOVE = YES;
				CLANG_WARN_UNGUARDED_AVAILABILITY = YES_AGGRESSIVE;
				CLANG_WARN_UNREACHABLE_CODE = YES;
				CLANG_WARN__DUPLICATE_METHOD_MATCH = YES;
				CODE_SIGN_IDENTITY = "iPhone Developer";
				COPY_PHASE_STRIP = NO;
				DEBUG_INFORMATION_FORMAT = "dwarf-with-dsym";
				ENABLE_NS_ASSERTIONS = NO;
				ENABLE_STRICT_OBJC_MSGSEND = YES;
				GCC_C_LANGUAGE_STANDARD = gnu11;
				GCC_NO_COMMON_BLOCKS = YES;
				GCC_WARN_64_TO_32_BIT_CONVERSION = YES;
				GCC_WARN_ABOUT_RETURN_TYPE = YES_ERROR;
				GCC_WARN_UNDECLARED_SELECTOR = YES;
				GCC_WARN_UNINITIALIZED_AUTOS = YES_AGGRESSIVE;
				GCC_WARN_UNUSED_FUNCTION = YES;
				GCC_WARN_UNUSED_VARIABLE = YES;
				IPHONEOS_DEPLOYMENT_TARGET = 12.1;
				MTL_ENABLE_DEBUG_INFO = NO;
				MTL_FAST_MATH = YES;
				SDKROOT = iphoneos;
				VALIDATE_PRODUCT = YES;
			};
			name = Release;
		};
		3887D18C220E9EBB0004CF2F /* Debug */ = {
			isa = XCBuildConfiguration;
			baseConfigurationReference = B5C0327AB189FBD1B6AC793B /* Pods-Product Catalogue.debug.xcconfig */;
			buildSettings = {
				ASSETCATALOG_COMPILER_APPICON_NAME = AppIcon;
				CODE_SIGN_STYLE = Automatic;
				DEVELOPMENT_TEAM = RN4T3VPAA8;
				INFOPLIST_FILE = "Product Catalogue/Info.plist";
				LD_RUNPATH_SEARCH_PATHS = (
					"$(inherited)",
					"@executable_path/Frameworks",
				);
				PRODUCT_BUNDLE_IDENTIFIER = "inspireone.tech.Product-Catalogue";
				PRODUCT_NAME = "$(TARGET_NAME)";
				TARGETED_DEVICE_FAMILY = "1,2";
			};
			name = Debug;
		};
		3887D18D220E9EBB0004CF2F /* Release */ = {
			isa = XCBuildConfiguration;
			baseConfigurationReference = FEEDB37161C4D37354F161D0 /* Pods-Product Catalogue.release.xcconfig */;
			buildSettings = {
				ASSETCATALOG_COMPILER_APPICON_NAME = AppIcon;
				CODE_SIGN_STYLE = Automatic;
				DEVELOPMENT_TEAM = RN4T3VPAA8;
				INFOPLIST_FILE = "Product Catalogue/Info.plist";
				LD_RUNPATH_SEARCH_PATHS = (
					"$(inherited)",
					"@executable_path/Frameworks",
				);
				PRODUCT_BUNDLE_IDENTIFIER = "inspireone.tech.Product-Catalogue";
				PRODUCT_NAME = "$(TARGET_NAME)";
				TARGETED_DEVICE_FAMILY = "1,2";
			};
			name = Release;
		};
		3887D18F220E9EBB0004CF2F /* Debug */ = {
			isa = XCBuildConfiguration;
			baseConfigurationReference = CBE4CF551506C9E8F79C737F /* Pods-Product CatalogueTests.debug.xcconfig */;
			buildSettings = {
				BUNDLE_LOADER = "$(TEST_HOST)";
				CODE_SIGN_STYLE = Automatic;
				INFOPLIST_FILE = "Product CatalogueTests/Info.plist";
				LD_RUNPATH_SEARCH_PATHS = (
					"$(inherited)",
					"@executable_path/Frameworks",
					"@loader_path/Frameworks",
				);
				PRODUCT_BUNDLE_IDENTIFIER = "inspireone.tech.Product-CatalogueTests";
				PRODUCT_NAME = "$(TARGET_NAME)";
				TARGETED_DEVICE_FAMILY = "1,2";
				TEST_HOST = "$(BUILT_PRODUCTS_DIR)/Product Catalogue.app/Product Catalogue";
			};
			name = Debug;
		};
		3887D190220E9EBB0004CF2F /* Release */ = {
			isa = XCBuildConfiguration;
			baseConfigurationReference = AF1178889AA854B654556E91 /* Pods-Product CatalogueTests.release.xcconfig */;
			buildSettings = {
				BUNDLE_LOADER = "$(TEST_HOST)";
				CODE_SIGN_STYLE = Automatic;
				INFOPLIST_FILE = "Product CatalogueTests/Info.plist";
				LD_RUNPATH_SEARCH_PATHS = (
					"$(inherited)",
					"@executable_path/Frameworks",
					"@loader_path/Frameworks",
				);
				PRODUCT_BUNDLE_IDENTIFIER = "inspireone.tech.Product-CatalogueTests";
				PRODUCT_NAME = "$(TARGET_NAME)";
				TARGETED_DEVICE_FAMILY = "1,2";
				TEST_HOST = "$(BUILT_PRODUCTS_DIR)/Product Catalogue.app/Product Catalogue";
			};
			name = Release;
		};
		3887D192220E9EBB0004CF2F /* Debug */ = {
			isa = XCBuildConfiguration;
			baseConfigurationReference = C1CED0A16B0654BFC5A08B39 /* Pods-Product CatalogueUITests.debug.xcconfig */;
			buildSettings = {
				CODE_SIGN_STYLE = Automatic;
				INFOPLIST_FILE = "Product CatalogueUITests/Info.plist";
				LD_RUNPATH_SEARCH_PATHS = (
					"$(inherited)",
					"@executable_path/Frameworks",
					"@loader_path/Frameworks",
				);
				PRODUCT_BUNDLE_IDENTIFIER = "inspireone.tech.Product-CatalogueUITests";
				PRODUCT_NAME = "$(TARGET_NAME)";
				TARGETED_DEVICE_FAMILY = "1,2";
				TEST_TARGET_NAME = "Product Catalogue";
			};
			name = Debug;
		};
		3887D193220E9EBB0004CF2F /* Release */ = {
			isa = XCBuildConfiguration;
			baseConfigurationReference = C22585DB77511F8AA2F69964 /* Pods-Product CatalogueUITests.release.xcconfig */;
			buildSettings = {
				CODE_SIGN_STYLE = Automatic;
				INFOPLIST_FILE = "Product CatalogueUITests/Info.plist";
				LD_RUNPATH_SEARCH_PATHS = (
					"$(inherited)",
					"@executable_path/Frameworks",
					"@loader_path/Frameworks",
				);
				PRODUCT_BUNDLE_IDENTIFIER = "inspireone.tech.Product-CatalogueUITests";
				PRODUCT_NAME = "$(TARGET_NAME)";
				TARGETED_DEVICE_FAMILY = "1,2";
				TEST_TARGET_NAME = "Product Catalogue";
			};
			name = Release;
		};
/* End XCBuildConfiguration section */

/* Begin XCConfigurationList section */
		3887D15A220E9EB80004CF2F /* Build configuration list for PBXProject "Product Catalogue" */ = {
			isa = XCConfigurationList;
			buildConfigurations = (
				3887D189220E9EBB0004CF2F /* Debug */,
				3887D18A220E9EBB0004CF2F /* Release */,
			);
			defaultConfigurationIsVisible = 0;
			defaultConfigurationName = Release;
		};
		3887D18B220E9EBB0004CF2F /* Build configuration list for PBXNativeTarget "Product Catalogue" */ = {
			isa = XCConfigurationList;
			buildConfigurations = (
				3887D18C220E9EBB0004CF2F /* Debug */,
				3887D18D220E9EBB0004CF2F /* Release */,
			);
			defaultConfigurationIsVisible = 0;
			defaultConfigurationName = Release;
		};
		3887D18E220E9EBB0004CF2F /* Build configuration list for PBXNativeTarget "Product CatalogueTests" */ = {
			isa = XCConfigurationList;
			buildConfigurations = (
				3887D18F220E9EBB0004CF2F /* Debug */,
				3887D190220E9EBB0004CF2F /* Release */,
			);
			defaultConfigurationIsVisible = 0;
			defaultConfigurationName = Release;
		};
		3887D191220E9EBB0004CF2F /* Build configuration list for PBXNativeTarget "Product CatalogueUITests" */ = {
			isa = XCConfigurationList;
			buildConfigurations = (
				3887D192220E9EBB0004CF2F /* Debug */,
				3887D193220E9EBB0004CF2F /* Release */,
			);
			defaultConfigurationIsVisible = 0;
			defaultConfigurationName = Release;
		};
/* End XCConfigurationList section */
	};
	rootObject = 3887D157220E9EB80004CF2F /* Project object */;
}
